{
  "name": "liteparse-node",
  "lockfileVersion": 3,
  "requires": true,
  "packages": {
    "": {
      "dependencies": {
        "@llamaindex/liteparse": "^2.0.1"
      }
    },
    "node_modules/@llamaindex/liteparse": {
      "version": "2.0.1",
      "resolved": "https://registry.npmjs.org/@llamaindex/liteparse/-/liteparse-2.0.1.tgz",
      "integrity": "sha512-8LGmIflr6AL3zFqy7PU/bRBIgRJtZWLco6XQc9Hsvk6GKpQ4GFsH6GDlk5HTdvuAbdoDb0g4PYLxd/r8SNCENg==",
      "license": "Apache-2.0",
      "dependencies": {
        "commander": "^12.0.0"
      },
      "bin": {
        "lit": "dist/cli.js",
        "liteparse": "dist/cli.js"
      },
      "engines": {
        "node": ">=18.0.0"
      },
      "optionalDependencies": {
        "@llamaindex/liteparse-darwin-arm64": "2.0.1",
        "@llamaindex/liteparse-linux-arm64-gnu": "2.0.1",
        "@llamaindex/liteparse-linux-x64-gnu": "2.0.1",
        "@llamaindex/liteparse-win32-x64-msvc": "2.0.1"
      }
    },
    "node_modules/@llamaindex/liteparse-darwin-arm64": {
      "version": "2.0.1",
      "resolved": "https://registry.npmjs.org/@llamaindex/liteparse-darwin-arm64/-/liteparse-darwin-arm64-2.0.1.tgz",
      "integrity": "sha512-/f8hH6R8CEtc5/2QMQvER4gt3RKgvcM4K6OzCvqlEIiJtyob67RkZhkFA8x2h4dAzgAtqMegQCo1vFHs31IPXg==",
      "cpu": [
        "arm64"
      ],
      "license": "Apache-2.0",
      "optional": true,
      "os": [
        "darwin"
      ]
    },
    "node_modules/@llamaindex/liteparse-linux-arm64-gnu": {
      "version": "2.0.1",
      "resolved": "https://registry.npmjs.org/@llamaindex/liteparse-linux-arm64-gnu/-/liteparse-linux-arm64-gnu-2.0.1.tgz",
      "integrity": "sha512-oir+ZNsDs9aAPG4BmYHTAhQRb+wBVTXvWgPDY+qn6bAJjY4qMIrlVbUPSzRnKCXZ+4nuuj7PJsRxkXHrmxoQ5A==",
      "cpu": [
        "arm64"
      ],
      "license": "Apache-2.0",
      "optional": true,
      "os": [
        "linux"
      ]
    },
    "node_modules/@llamaindex/liteparse-linux-x64-gnu": {
      "version": "2.0.1",
      "resolved": "https://registry.npmjs.org/@llamaindex/liteparse-linux-x64-gnu/-/liteparse-linux-x64-gnu-2.0.1.tgz",
      "integrity": "sha512-cMoAkgMMF9V/Mwy7kkeGMBC0q22xVHGTR27ZYpmh56eQdsLTt7YnjcACNLlD9ULJ5ha7DvKIuS0Bmu+agiJvsg==",
      "cpu": [
        "x64"
      ],
      "license": "Apache-2.0",
      "optional": true,
      "os": [
        "linux"
      ]
    },
    "node_modules/@llamaindex/liteparse-win32-x64-msvc": {
      "version": "2.0.1",
      "resolved": "https://registry.npmjs.org/@llamaindex/liteparse-win32-x64-msvc/-/liteparse-win32-x64-msvc-2.0.1.tgz",
      "integrity": "sha512-d/CD/Hidf1GL72pQTyy3gKTeJScElDyRZyPDhFzZYHdFBQY/3zRaUfzzdMZGnjhdwMB10uJeuCYux8pKEcW2Kw==",
      "cpu": [
        "x64"
      ],
      "license": "Apache-2.0",
      "optional": true,
      "os": [
        "win32"
      ]
    },
    "node_modules/commander": {
      "version": "12.1.0",
      "resolved": "https://registry.npmjs.org/commander/-/commander-12.1.0.tgz",
      "integrity": "sha512-Vw8qHK3bZM9y/P10u3Vib8o/DdkvA2OtPtZvD871QKjy74Wj1WSKFILMPRPSdUSx5RFK1arlJzEtA4PkFgnbuA==",
      "license": "MIT",
      "engines": {
        "node": ">=18"
      }
    }
  }
}
